PODS:
  - Alamofire (5.9.1)
  - Flutter (1.0.0)
  - flutter_osm_plugin (0.0.1):
    - Alamofire
    - Flutter
    - Polyline
    - Tangram-es
    - Yams
  - FMDB (2.7.12):
    - FMDB/standard (= 2.7.12)
  - FMDB/Core (2.7.12)
  - FMDB/standard (2.7.12):
    - FMDB/Core
  - geocoding (1.0.5):
    - Flutter
  - geolocator_apple (1.2.0):
    - Flutter
  - path_provider_foundation (0.0.1):
    - Flutter
    - FlutterMacOS
  - permission_handler_apple (9.1.1):
    - Flutter
  - Polyline (5.1.0)
  - rive_common (0.0.1):
    - Flutter
  - sqflite (0.0.2):
    - Flutter
    - FMDB (>= 2.7.5)
  - Tangram-es (0.17.1)
  - url_launcher_ios (0.0.1):
    - Flutter
  - Yams (5.0.6)

DEPENDENCIES:
  - Flutter (from `Flutter`)
  - flutter_osm_plugin (from `.symlinks/plugins/flutter_osm_plugin/ios`)
  - geocoding (from `.symlinks/plugins/geocoding/ios`)
  - geolocator_apple (from `.symlinks/plugins/geolocator_apple/ios`)
  - path_provider_foundation (from `.symlinks/plugins/path_provider_foundation/darwin`)
  - permission_handler_apple (from `.symlinks/plugins/permission_handler_apple/ios`)
  - rive_common (from `.symlinks/plugins/rive_common/ios`)
  - sqflite (from `.symlinks/plugins/sqflite/ios`)
  - url_launcher_ios (from `.symlinks/plugins/url_launcher_ios/ios`)

SPEC REPOS:
  trunk:
    - Alamofire
    - FMDB
    - Polyline
    - Tangram-es
    - Yams

EXTERNAL SOURCES:
  Flutter:
    :path: Flutter
  flutter_osm_plugin:
    :path: ".symlinks/plugins/flutter_osm_plugin/ios"
  geocoding:
    :path: ".symlinks/plugins/geocoding/ios"
  geolocator_apple:
    :path: ".symlinks/plugins/geolocator_apple/ios"
  path_provider_foundation:
    :path: ".symlinks/plugins/path_provider_foundation/darwin"
  permission_handler_apple:
    :path: ".symlinks/plugins/permission_handler_apple/ios"
  rive_common:
    :path: ".symlinks/plugins/rive_common/ios"
  sqflite:
    :path: ".symlinks/plugins/sqflite/ios"
  url_launcher_ios:
    :path: ".symlinks/plugins/url_launcher_ios/ios"

SPEC CHECKSUMS:
  Alamofire: f36a35757af4587d8e4f4bfa223ad10be2422b8c
  Flutter: f04841e97a9d0b0a8025694d0796dd46242b2854
  flutter_osm_plugin: 33256dd73e20b8f8450d45802d46615570b753c8
  FMDB: 728731dd336af3936ce00f91d9d8495f5718a0e6
  geocoding: 942dfd796e4eae1e70d4f79d68cacc3482267bc9
  geolocator_apple: d981750b9f47dbdb02427e1476d9a04397beb8d9
  path_provider_foundation: 608fcb11be570ce83519b076ab6a1fffe2474f05
  permission_handler_apple: 3787117e48f80715ff04a3830ca039283d6a4f29
  Polyline: 2a1f29f87f8d9b7de868940f4f76deb8c678a5b1
  rive_common: e43f7b7f6dc7208c8862f861deca9324c94fc8bc
  sqflite: 954affaf2567c73cda074440299a625e3b2cbf8a
  Tangram-es: 628b634f7fc09d2217469b9914de00d9de49ff9d
  url_launcher_ios: a1c1f2bf89969cb13cce46d0333c7257d346e169
  Yams: e10dae147f517ed57ecae37c5e8681bdf8fcab65

PODFILE CHECKSUM: 978dd492a93a8ef4ec2dc2b3631de447af34068a

COCOAPODS: 1.16.2
